
Microsoft Visual Studio Solution File, Format Version 12.00
# Visual Studio Version 16
VisualStudioVersion = 16.0.31129.286
MinimumVisualStudioVersion = 10.0.40219.1
Project("{8BC9CEB8-8B4A-11D0-8D11-00A0C91BC942}") = "win_project_second", "win_project_second\win_project_second.vcxproj", "{CE621A97-C8FD-4256-8BAF-C7BB9845B5A4}"
EndProject
Global
	GlobalSection(SolutionConfigurationPlatforms) = preSolution
		Debug|x64 = Debug|x64
		Debug|x86 = Debug|x86
		Release|x64 = Release|x64
		Release|x86 = Release|x86
	EndGlobalSection
	GlobalSection(ProjectConfigurationPlatforms) = postSolution
		{CE621A97-C8FD-4256-8BAF-C7BB9845B5A4}.Debug|x64.ActiveCfg = Debug|x64
		{CE621A97-C8FD-4256-8BAF-C7BB9845B5A4}.Debug|x64.Build.0 = Debug|x64
		{CE621A97-C8FD-4256-8BAF-C7BB9845B5A4}.Debug|x86.ActiveCfg = Debug|Win32
		{CE621A97-C8FD-4256-8BAF-C7BB9845B5A4}.Debug|x86.Build.0 = Debug|Win32
		{CE621A97-C8FD-4256-8BAF-C7BB9845B5A4}.Release|x64.ActiveCfg = Release|x64
		{CE621A97-C8FD-4256-8BAF-C7BB9845B5A4}.Release|x64.Build.0 = Release|x64
		{CE621A97-C8FD-4256-8BAF-C7BB9845B5A4}.Release|x86.ActiveCfg = Release|Win32
		{CE621A97-C8FD-4256-8BAF-C7BB9845B5A4}.Release|x86.Build.0 = Release|Win32
	EndGlobalSection
	GlobalSection(SolutionProperties) = preSolution
		HideSolutionNode = FALSE
	EndGlobalSection
	GlobalSection(ExtensibilityGlobals) = postSolution
		SolutionGuid = {7C04B8D6-5375-4DD3-834F-C5749DD8E350}
	EndGlobalSection
EndGlobal
